
Microsoft Visual Studio Solution File, Format Version 12.00
# Visual Studio Version 17
VisualStudioVersion = 17.3.32929.385
MinimumVisualStudioVersion = 10.0.40219.1
Project("{FAE04EC0-301F-11D3-BF4B-00C04F79EFBC}") = "ItemMinecraft", "ItemMinecraft\ItemMinecraft.csproj", "{CC08AFC8-52CD-4A84-82DC-F3B899235DEE}"
EndProject
Global
	GlobalSection(SolutionConfigurationPlatforms) = preSolution
		Debug|Any CPU = Debug|Any CPU
		Release|Any CPU = Release|Any CPU
	EndGlobalSection
	GlobalSection(ProjectConfigurationPlatforms) = postSolution
		{CC08AFC8-52CD-4A84-82DC-F3B899235DEE}.Debug|Any CPU.ActiveCfg = Debug|Any CPU
		{CC08AFC8-52CD-4A84-82DC-F3B899235DEE}.Debug|Any CPU.Build.0 = Debug|Any CPU
		{CC08AFC8-52CD-4A84-82DC-F3B899235DEE}.Release|Any CPU.ActiveCfg = Release|Any CPU
		{CC08AFC8-52CD-4A84-82DC-F3B899235DEE}.Release|Any CPU.Build.0 = Release|Any CPU
	EndGlobalSection
	GlobalSection(SolutionProperties) = preSolution
		HideSolutionNode = FALSE
	EndGlobalSection
	GlobalSection(ExtensibilityGlobals) = postSolution
		SolutionGuid = {5F617D4C-F69A-4A1E-92DA-68110A2639E0}
	EndGlobalSection
EndGlobal
